// !$*UTF8*$!
{
	archiveVersion = 1;
	classes = {
	};
	objectVersion = 46;
	objects = {

/* Begin PBXBuildFile section */
		0D9283861667A188004DB06B /* BSGListaContatosViewController.m in Sources */ = {isa = PBXBuildFile; fileRef = 0D9283851667A188004DB06B /* BSGListaContatosViewController.m */; };
		0D92E1C71666351700E63DDC /* UIKit.framework in Frameworks */ = {isa = PBXBuildFile; fileRef = 0D92E1C61666351700E63DDC /* UIKit.framework */; };
		0D92E1C91666351700E63DDC /* Foundation.framework in Frameworks */ = {isa = PBXBuildFile; fileRef = 0D92E1C81666351700E63DDC /* Foundation.framework */; };
		0D92E1CB1666351700E63DDC /* CoreGraphics.framework in Frameworks */ = {isa = PBXBuildFile; fileRef = 0D92E1CA1666351700E63DDC /* CoreGraphics.framework */; };
		0D92E1D11666351700E63DDC /* InfoPlist.strings in Resources */ = {isa = PBXBuildFile; fileRef = 0D92E1CF1666351700E63DDC /* InfoPlist.strings */; };
		0D92E1D31666351700E63DDC /* main.m in Sources */ = {isa = PBXBuildFile; fileRef = 0D92E1D21666351700E63DDC /* main.m */; };
		0D92E1D71666351700E63DDC /* BSGAppDelegate.m in Sources */ = {isa = PBXBuildFile; fileRef = 0D92E1D61666351700E63DDC /* BSGAppDelegate.m */; };
		0D92E1E01666380000E63DDC /* BSGFormularioContatoViewController.m in Sources */ = {isa = PBXBuildFile; fileRef = 0D92E1DE1666380000E63DDC /* BSGFormularioContatoViewController.m */; };
		0D92E1E31666390800E63DDC /* BSGFormularioContatoViewController.xib in Resources */ = {isa = PBXBuildFile; fileRef = 0D92E1E21666390800E63DDC /* BSGFormularioContatoViewController.xib */; };
		0D92E1EB16665A8F00E63DDC /* BSGContato.m in Sources */ = {isa = PBXBuildFile; fileRef = 0D92E1EA16665A8F00E63DDC /* BSGContato.m */; };
		0DC104401670C97E00BD54E1 /* TPKeyboardAvoidingScrollView.m in Sources */ = {isa = PBXBuildFile; fileRef = 0DC1043D1670C97E00BD54E1 /* TPKeyboardAvoidingScrollView.m */; };
		0DC104411670C97E00BD54E1 /* TPKeyboardAvoidingTableView.m in Sources */ = {isa = PBXBuildFile; fileRef = 0DC1043F1670C97E00BD54E1 /* TPKeyboardAvoidingTableView.m */; };
		0DC104441670E20F00BD54E1 /* CoreLocation.framework in Frameworks */ = {isa = PBXBuildFile; fileRef = 0DC104431670E20F00BD54E1 /* CoreLocation.framework */; };
		0DC254661672251C0041E196 /* Modelo_Contatos.xcdatamodeld in Sources */ = {isa = PBXBuildFile; fileRef = 0DC254641672251C0041E196 /* Modelo_Contatos.xcdatamodeld */; };
		0DC25469167225DF0041E196 /* CoreData.framework in Frameworks */ = {isa = PBXBuildFile; fileRef = 0DC25468167225DF0041E196 /* CoreData.framework */; };
		0DC2E5C3166F69900013ECDD /* MessageUI.framework in Frameworks */ = {isa = PBXBuildFile; fileRef = 0DC2E5C2166F69900013ECDD /* MessageUI.framework */; };
		0DC41B7E166F89FC007C9CBD /* Default.png in Resources */ = {isa = PBXBuildFile; fileRef = 0DC41B75166F89FC007C9CBD /* Default.png */; };
		0DC41B7F166F89FC007C9CBD /* Default@2x.png in Resources */ = {isa = PBXBuildFile; fileRef = 0DC41B76166F89FC007C9CBD /* Default@2x.png */; };
		0DC41B80166F89FC007C9CBD /* gps.png in Resources */ = {isa = PBXBuildFile; fileRef = 0DC41B77166F89FC007C9CBD /* gps.png */; };
		0DC41B81166F89FC007C9CBD /* gps@2x.png in Resources */ = {isa = PBXBuildFile; fileRef = 0DC41B78166F89FC007C9CBD /* gps@2x.png */; };
		0DC41B82166F89FC007C9CBD /* lista-contatos.png in Resources */ = {isa = PBXBuildFile; fileRef = 0DC41B79166F89FC007C9CBD /* lista-contatos.png */; };
		0DC41B83166F89FC007C9CBD /* lista-contatos@2x.png in Resources */ = {isa = PBXBuildFile; fileRef = 0DC41B7A166F89FC007C9CBD /* lista-contatos@2x.png */; };
		0DC41B84166F89FC007C9CBD /* mapa-contatos.png in Resources */ = {isa = PBXBuildFile; fileRef = 0DC41B7B166F89FC007C9CBD /* mapa-contatos.png */; };
		0DC41B85166F89FC007C9CBD /* mapa-contatos@2x.png in Resources */ = {isa = PBXBuildFile; fileRef = 0DC41B7C166F89FC007C9CBD /* mapa-contatos@2x.png */; };
		0DC41B86166F89FC007C9CBD /* Vila Mariana.gpx in Resources */ = {isa = PBXBuildFile; fileRef = 0DC41B7D166F89FC007C9CBD /* Vila Mariana.gpx */; };
		0DC41B8A166F8A51007C9CBD /* BSGContatosNoMapaViewController.m in Sources */ = {isa = PBXBuildFile; fileRef = 0DC41B88166F8A51007C9CBD /* BSGContatosNoMapaViewController.m */; };
		0DC41B8B166F8A51007C9CBD /* BSGContatosNoMapaViewController.xib in Resources */ = {isa = PBXBuildFile; fileRef = 0DC41B89166F8A51007C9CBD /* BSGContatosNoMapaViewController.xib */; };
		0DC41B8D166F8AF1007C9CBD /* MapKit.framework in Frameworks */ = {isa = PBXBuildFile; fileRef = 0DC41B8C166F8AF1007C9CBD /* MapKit.framework */; };
/* End PBXBuildFile section */

/* Begin PBXFileReference section */
		0D9283841667A188004DB06B /* BSGListaContatosViewController.h */ = {isa = PBXFileReference; fileEncoding = 4; lastKnownFileType = sourcecode.c.h; path = BSGListaContatosViewController.h; sourceTree = "<group>"; };
		0D9283851667A188004DB06B /* BSGListaContatosViewController.m */ = {isa = PBXFileReference; fileEncoding = 4; lastKnownFileType = sourcecode.c.objc; path = BSGListaContatosViewController.m; sourceTree = "<group>"; };
		0D92E1C21666351700E63DDC /* ContatosIP67.app */ = {isa = PBXFileReference; explicitFileType = wrapper.application; includeInIndex = 0; path = ContatosIP67.app; sourceTree = BUILT_PRODUCTS_DIR; };
		0D92E1C61666351700E63DDC /* UIKit.framework */ = {isa = PBXFileReference; lastKnownFileType = wrapper.framework; name = UIKit.framework; path = System/Library/Frameworks/UIKit.framework; sourceTree = SDKROOT; };
		0D92E1C81666351700E63DDC /* Foundation.framework */ = {isa = PBXFileReference; lastKnownFileType = wrapper.framework; name = Foundation.framework; path = System/Library/Frameworks/Foundation.framework; sourceTree = SDKROOT; };
		0D92E1CA1666351700E63DDC /* CoreGraphics.framework */ = {isa = PBXFileReference; lastKnownFileType = wrapper.framework; name = CoreGraphics.framework; path = System/Library/Frameworks/CoreGraphics.framework; sourceTree = SDKROOT; };
		0D92E1CE1666351700E63DDC /* ContatosIP67-Info.plist */ = {isa = PBXFileReference; lastKnownFileType = text.plist.xml; path = "ContatosIP67-Info.plist"; sourceTree = "<group>"; };
		0D92E1D01666351700E63DDC /* en */ = {isa = PBXFileReference; lastKnownFileType = text.plist.strings; name = en; path = en.lproj/InfoPlist.strings; sourceTree = "<group>"; };
		0D92E1D21666351700E63DDC /* main.m */ = {isa = PBXFileReference; lastKnownFileType = sourcecode.c.objc; path = main.m; sourceTree = "<group>"; };
		0D92E1D41666351700E63DDC /* ContatosIP67-Prefix.pch */ = {isa = PBXFileReference; lastKnownFileType = sourcecode.c.h; path = "ContatosIP67-Prefix.pch"; sourceTree = "<group>"; };
		0D92E1D51666351700E63DDC /* BSGAppDelegate.h */ = {isa = PBXFileReference; lastKnownFileType = sourcecode.c.h; path = BSGAppDelegate.h; sourceTree = "<group>"; };
		0D92E1D61666351700E63DDC /* BSGAppDelegate.m */ = {isa = PBXFileReference; lastKnownFileType = sourcecode.c.objc; path = BSGAppDelegate.m; sourceTree = "<group>"; };
		0D92E1DD1666380000E63DDC /* BSGFormularioContatoViewController.h */ = {isa = PBXFileReference; fileEncoding = 4; lastKnownFileType = sourcecode.c.h; path = BSGFormularioContatoViewController.h; sourceTree = "<group>"; };
		0D92E1DE1666380000E63DDC /* BSGFormularioContatoViewController.m */ = {isa = PBXFileReference; fileEncoding = 4; lastKnownFileType = sourcecode.c.objc; path = BSGFormularioContatoViewController.m; sourceTree = "<group>"; };
		0D92E1E21666390800E63DDC /* BSGFormularioContatoViewController.xib */ = {isa = PBXFileReference; fileEncoding = 4; lastKnownFileType = file.xib; path = BSGFormularioContatoViewController.xib; sourceTree = "<group>"; };
		0D92E1E916665A8F00E63DDC /* BSGContato.h */ = {isa = PBXFileReference; fileEncoding = 4; lastKnownFileType = sourcecode.c.h; path = BSGContato.h; sourceTree = "<group>"; };
		0D92E1EA16665A8F00E63DDC /* BSGContato.m */ = {isa = PBXFileReference; fileEncoding = 4; lastKnownFileType = sourcecode.c.objc; path = BSGContato.m; sourceTree = "<group>"; };
		0DC1043C1670C97E00BD54E1 /* TPKeyboardAvoidingScrollView.h */ = {isa = PBXFileReference; fileEncoding = 4; lastKnownFileType = sourcecode.c.h; path = TPKeyboardAvoidingScrollView.h; sourceTree = "<group>"; };
		0DC1043D1670C97E00BD54E1 /* TPKeyboardAvoidingScrollView.m */ = {isa = PBXFileReference; fileEncoding = 4; lastKnownFileType = sourcecode.c.objc; path = TPKeyboardAvoidingScrollView.m; sourceTree = "<group>"; };
		0DC1043E1670C97E00BD54E1 /* TPKeyboardAvoidingTableView.h */ = {isa = PBXFileReference; fileEncoding = 4; lastKnownFileType = sourcecode.c.h; path = TPKeyboardAvoidingTableView.h; sourceTree = "<group>"; };
		0DC1043F1670C97E00BD54E1 /* TPKeyboardAvoidingTableView.m */ = {isa = PBXFileReference; fileEncoding = 4; lastKnownFileType = sourcecode.c.objc; path = TPKeyboardAvoidingTableView.m; sourceTree = "<group>"; };
		0DC104431670E20F00BD54E1 /* CoreLocation.framework */ = {isa = PBXFileReference; lastKnownFileType = wrapper.framework; name = CoreLocation.framework; path = System/Library/Frameworks/CoreLocation.framework; sourceTree = SDKROOT; };
		0DC254651672251C0041E196 /* Modelo_Contatos.xcdatamodel */ = {isa = PBXFileReference; lastKnownFileType = wrapper.xcdatamodel; path = Modelo_Contatos.xcdatamodel; sourceTree = "<group>"; };
		0DC25468167225DF0041E196 /* CoreData.framework */ = {isa = PBXFileReference; lastKnownFileType = wrapper.framework; name = CoreData.framework; path = System/Library/Frameworks/CoreData.framework; sourceTree = SDKROOT; };
		0DC2E5C2166F69900013ECDD /* MessageUI.framework */ = {isa = PBXFileReference; lastKnownFileType = wrapper.framework; name = MessageUI.framework; path = System/Library/Frameworks/MessageUI.framework; sourceTree = SDKROOT; };
		0DC41B75166F89FC007C9CBD /* Default.png */ = {isa = PBXFileReference; lastKnownFileType = image.png; path = Default.png; sourceTree = "<group>"; };
		0DC41B76166F89FC007C9CBD /* Default@2x.png */ = {isa = PBXFileReference; lastKnownFileType = image.png; path = "Default@2x.png"; sourceTree = "<group>"; };
		0DC41B77166F89FC007C9CBD /* gps.png */ = {isa = PBXFileReference; lastKnownFileType = image.png; path = gps.png; sourceTree = "<group>"; };
		0DC41B78166F89FC007C9CBD /* gps@2x.png */ = {isa = PBXFileReference; lastKnownFileType = image.png; path = "gps@2x.png"; sourceTree = "<group>"; };
		0DC41B79166F89FC007C9CBD /* lista-contatos.png */ = {isa = PBXFileReference; lastKnownFileType = image.png; path = "lista-contatos.png"; sourceTree = "<group>"; };
		0DC41B7A166F89FC007C9CBD /* lista-contatos@2x.png */ = {isa = PBXFileReference; lastKnownFileType = image.png; path = "lista-contatos@2x.png"; sourceTree = "<group>"; };
		0DC41B7B166F89FC007C9CBD /* mapa-contatos.png */ = {isa = PBXFileReference; lastKnownFileType = image.png; path = "mapa-contatos.png"; sourceTree = "<group>"; };
		0DC41B7C166F89FC007C9CBD /* mapa-contatos@2x.png */ = {isa = PBXFileReference; lastKnownFileType = image.png; path = "mapa-contatos@2x.png"; sourceTree = "<group>"; };
		0DC41B7D166F89FC007C9CBD /* Vila Mariana.gpx */ = {isa = PBXFileReference; fileEncoding = 4; lastKnownFileType = text.xml; path = "Vila Mariana.gpx"; sourceTree = "<group>"; };
		0DC41B87166F8A51007C9CBD /* BSGContatosNoMapaViewController.h */ = {isa = PBXFileReference; fileEncoding = 4; lastKnownFileType = sourcecode.c.h; name = BSGContatosNoMapaViewController.h; path = ../BSGContatosNoMapaViewController.h; sourceTree = "<group>"; };
		0DC41B88166F8A51007C9CBD /* BSGContatosNoMapaViewController.m */ = {isa = PBXFileReference; fileEncoding = 4; lastKnownFileType = sourcecode.c.objc; name = BSGContatosNoMapaViewController.m; path = ../BSGContatosNoMapaViewController.m; sourceTree = "<group>"; };
		0DC41B89166F8A51007C9CBD /* BSGContatosNoMapaViewController.xib */ = {isa = PBXFileReference; fileEncoding = 4; lastKnownFileType = file.xib; name = BSGContatosNoMapaViewController.xib; path = ../BSGContatosNoMapaViewController.xib; sourceTree = "<group>"; };
		0DC41B8C166F8AF1007C9CBD /* MapKit.framework */ = {isa = PBXFileReference; lastKnownFileType = wrapper.framework; name = MapKit.framework; path = System/Library/Frameworks/MapKit.framework; sourceTree = SDKROOT; };
		0DC5B902166E18B500571E93 /* BSGListaContatosProtocol.h */ = {isa = PBXFileReference; lastKnownFileType = sourcecode.c.h; path = BSGListaContatosProtocol.h; sourceTree = "<group>"; };
/* End PBXFileReference section */

/* Begin PBXFrameworksBuildPhase section */
		0D92E1BF1666351700E63DDC /* Frameworks */ = {
			isa = PBXFrameworksBuildPhase;
			buildActionMask = 2147483647;
			files = (
				0DC25469167225DF0041E196 /* CoreData.framework in Frameworks */,
				0DC104441670E20F00BD54E1 /* CoreLocation.framework in Frameworks */,
				0DC41B8D166F8AF1007C9CBD /* MapKit.framework in Frameworks */,
				0DC2E5C3166F69900013ECDD /* MessageUI.framework in Frameworks */,
				0D92E1C71666351700E63DDC /* UIKit.framework in Frameworks */,
				0D92E1C91666351700E63DDC /* Foundation.framework in Frameworks */,
				0D92E1CB1666351700E63DDC /* CoreGraphics.framework in Frameworks */,
			);
			runOnlyForDeploymentPostprocessing = 0;
		};
/* End PBXFrameworksBuildPhase section */

/* Begin PBXGroup section */
		0D92E1B71666351600E63DDC = {
			isa = PBXGroup;
			children = (
				0DC25468167225DF0041E196 /* CoreData.framework */,
				0DC254641672251C0041E196 /* Modelo_Contatos.xcdatamodeld */,
				0DC104431670E20F00BD54E1 /* CoreLocation.framework */,
				0DC41B8C166F8AF1007C9CBD /* MapKit.framework */,
				0DC2E5C2166F69900013ECDD /* MessageUI.framework */,
				0D92E1CC1666351700E63DDC /* ContatosIP67 */,
				0D92E1C51666351700E63DDC /* Frameworks */,
				0D92E1C31666351700E63DDC /* Products */,
			);
			sourceTree = "<group>";
		};
		0D92E1C31666351700E63DDC /* Products */ = {
			isa = PBXGroup;
			children = (
				0D92E1C21666351700E63DDC /* ContatosIP67.app */,
			);
			name = Products;
			sourceTree = "<group>";
		};
		0D92E1C51666351700E63DDC /* Frameworks */ = {
			isa = PBXGroup;
			children = (
				0D92E1C61666351700E63DDC /* UIKit.framework */,
				0D92E1C81666351700E63DDC /* Foundation.framework */,
				0D92E1CA1666351700E63DDC /* CoreGraphics.framework */,
			);
			name = Frameworks;
			sourceTree = "<group>";
		};
		0D92E1CC1666351700E63DDC /* ContatosIP67 */ = {
			isa = PBXGroup;
			children = (
				0DC1043C1670C97E00BD54E1 /* TPKeyboardAvoidingScrollView.h */,
				0DC1043D1670C97E00BD54E1 /* TPKeyboardAvoidingScrollView.m */,
				0DC1043E1670C97E00BD54E1 /* TPKeyboardAvoidingTableView.h */,
				0DC1043F1670C97E00BD54E1 /* TPKeyboardAvoidingTableView.m */,
				0DC41B74166F89A0007C9CBD /* images */,
				0DC41B87166F8A51007C9CBD /* BSGContatosNoMapaViewController.h */,
				0DC41B88166F8A51007C9CBD /* BSGContatosNoMapaViewController.m */,
				0DC41B89166F8A51007C9CBD /* BSGContatosNoMapaViewController.xib */,
				0D92E1D51666351700E63DDC /* BSGAppDelegate.h */,
				0D92E1D61666351700E63DDC /* BSGAppDelegate.m */,
				0D92E1DD1666380000E63DDC /* BSGFormularioContatoViewController.h */,
				0D92E1DE1666380000E63DDC /* BSGFormularioContatoViewController.m */,
				0D9283841667A188004DB06B /* BSGListaContatosViewController.h */,
				0D9283851667A188004DB06B /* BSGListaContatosViewController.m */,
				0D92E1E916665A8F00E63DDC /* BSGContato.h */,
				0D92E1EA16665A8F00E63DDC /* BSGContato.m */,
				0D92E1E21666390800E63DDC /* BSGFormularioContatoViewController.xib */,
				0D92E1CD1666351700E63DDC /* Supporting Files */,
				0DC5B902166E18B500571E93 /* BSGListaContatosProtocol.h */,
			);
			path = ContatosIP67;
			sourceTree = "<group>";
		};
		0D92E1CD1666351700E63DDC /* Supporting Files */ = {
			isa = PBXGroup;
			children = (
				0D92E1CE1666351700E63DDC /* ContatosIP67-Info.plist */,
				0D92E1CF1666351700E63DDC /* InfoPlist.strings */,
				0D92E1D21666351700E63DDC /* main.m */,
				0D92E1D41666351700E63DDC /* ContatosIP67-Prefix.pch */,
			);
			name = "Supporting Files";
			sourceTree = "<group>";
		};
		0DC41B74166F89A0007C9CBD /* images */ = {
			isa = PBXGroup;
			children = (
				0DC41B75166F89FC007C9CBD /* Default.png */,
				0DC41B76166F89FC007C9CBD /* Default@2x.png */,
				0DC41B77166F89FC007C9CBD /* gps.png */,
				0DC41B78166F89FC007C9CBD /* gps@2x.png */,
				0DC41B79166F89FC007C9CBD /* lista-contatos.png */,
				0DC41B7A166F89FC007C9CBD /* lista-contatos@2x.png */,
				0DC41B7B166F89FC007C9CBD /* mapa-contatos.png */,
				0DC41B7C166F89FC007C9CBD /* mapa-contatos@2x.png */,
				0DC41B7D166F89FC007C9CBD /* Vila Mariana.gpx */,
			);
			name = images;
			path = ..;
			sourceTree = "<group>";
		};
/* End PBXGroup section */

/* Begin PBXNativeTarget section */
		0D92E1C11666351700E63DDC /* ContatosIP67 */ = {
			isa = PBXNativeTarget;
			buildConfigurationList = 0D92E1DA1666351700E63DDC /* Build configuration list for PBXNativeTarget "ContatosIP67" */;
			buildPhases = (
				0D92E1BE1666351700E63DDC /* Sources */,
				0D92E1BF1666351700E63DDC /* Frameworks */,
				0D92E1C01666351700E63DDC /* Resources */,
			);
			buildRules = (
			);
			dependencies = (
			);
			name = ContatosIP67;
			productName = ContatosIP67;
			productReference = 0D92E1C21666351700E63DDC /* ContatosIP67.app */;
			productType = "com.apple.product-type.application";
		};
/* End PBXNativeTarget section */

/* Begin PBXProject section */
		0D92E1B91666351600E63DDC /* Project object */ = {
			isa = PBXProject;
			attributes = {
				CLASSPREFIX = BSG;
				LastUpgradeCheck = 0430;
			};
			buildConfigurationList = 0D92E1BC1666351600E63DDC /* Build configuration list for PBXProject "ContatosIP67" */;
			compatibilityVersion = "Xcode 3.2";
			developmentRegion = English;
			hasScannedForEncodings = 0;
			knownRegions = (
				en,
			);
			mainGroup = 0D92E1B71666351600E63DDC;
			productRefGroup = 0D92E1C31666351700E63DDC /* Products */;
			projectDirPath = "";
			projectRoot = "";
			targets = (
				0D92E1C11666351700E63DDC /* ContatosIP67 */,
			);
		};
/* End PBXProject section */

/* Begin PBXResourcesBuildPhase section */
		0D92E1C01666351700E63DDC /* Resources */ = {
			isa = PBXResourcesBuildPhase;
			buildActionMask = 2147483647;
			files = (
				0D92E1D11666351700E63DDC /* InfoPlist.strings in Resources */,
				0D92E1E31666390800E63DDC /* BSGFormularioContatoViewController.xib in Resources */,
				0DC41B7E166F89FC007C9CBD /* Default.png in Resources */,
				0DC41B7F166F89FC007C9CBD /* Default@2x.png in Resources */,
				0DC41B80166F89FC007C9CBD /* gps.png in Resources */,
				0DC41B81166F89FC007C9CBD /* gps@2x.png in Resources */,
				0DC41B82166F89FC007C9CBD /* lista-contatos.png in Resources */,
				0DC41B83166F89FC007C9CBD /* lista-contatos@2x.png in Resources */,
				0DC41B84166F89FC007C9CBD /* mapa-contatos.png in Resources */,
				0DC41B85166F89FC007C9CBD /* mapa-contatos@2x.png in Resources */,
				0DC41B86166F89FC007C9CBD /* Vila Mariana.gpx in Resources */,
				0DC41B8B166F8A51007C9CBD /* BSGContatosNoMapaViewController.xib in Resources */,
			);
			runOnlyForDeploymentPostprocessing = 0;
		};
/* End PBXResourcesBuildPhase section */

/* Begin PBXSourcesBuildPhase section */
		0D92E1BE1666351700E63DDC /* Sources */ = {
			isa = PBXSourcesBuildPhase;
			buildActionMask = 2147483647;
			files = (
				0D92E1D31666351700E63DDC /* main.m in Sources */,
				0D92E1D71666351700E63DDC /* BSGAppDelegate.m in Sources */,
				0D92E1E01666380000E63DDC /* BSGFormularioContatoViewController.m in Sources */,
				0D92E1EB16665A8F00E63DDC /* BSGContato.m in Sources */,
				0D9283861667A188004DB06B /* BSGListaContatosViewController.m in Sources */,
				0DC41B8A166F8A51007C9CBD /* BSGContatosNoMapaViewController.m in Sources */,
				0DC104401670C97E00BD54E1 /* TPKeyboardAvoidingScrollView.m in Sources */,
				0DC104411670C97E00BD54E1 /* TPKeyboardAvoidingTableView.m in Sources */,
				0DC254661672251C0041E196 /* Modelo_Contatos.xcdatamodeld in Sources */,
			);
			runOnlyForDeploymentPostprocessing = 0;
		};
/* End PBXSourcesBuildPhase section */

/* Begin PBXVariantGroup section */
		0D92E1CF1666351700E63DDC /* InfoPlist.strings */ = {
			isa = PBXVariantGroup;
			children = (
				0D92E1D01666351700E63DDC /* en */,
			);
			name = InfoPlist.strings;
			sourceTree = "<group>";
		};
/* End PBXVariantGroup section */

/* Begin XCBuildConfiguration section */
		0D92E1D81666351700E63DDC /* Debug */ = {
			isa = XCBuildConfiguration;
			buildSettings = {
				ALWAYS_SEARCH_USER_PATHS = NO;
				ARCHS = "$(ARCHS_STANDARD_32_BIT)";
				CLANG_ENABLE_OBJC_ARC = YES;
				"CODE_SIGN_IDENTITY[sdk=iphoneos*]" = "iPhone Developer";
				COPY_PHASE_STRIP = NO;
				GCC_C_LANGUAGE_STANDARD = gnu99;
				GCC_DYNAMIC_NO_PIC = NO;
				GCC_OPTIMIZATION_LEVEL = 0;
				GCC_PREPROCESSOR_DEFINITIONS = (
					"DEBUG=1",
					"$(inherited)",
				);
				GCC_SYMBOLS_PRIVATE_EXTERN = NO;
				GCC_VERSION = com.apple.compilers.llvm.clang.1_0;
				GCC_WARN_ABOUT_RETURN_TYPE = YES;
				GCC_WARN_UNINITIALIZED_AUTOS = YES;
				GCC_WARN_UNUSED_VARIABLE = YES;
				IPHONEOS_DEPLOYMENT_TARGET = 5.1;
				SDKROOT = iphoneos;
			};
			name = Debug;
		};
		0D92E1D91666351700E63DDC /* Release */ = {
			isa = XCBuildConfiguration;
			buildSettings = {
				ALWAYS_SEARCH_USER_PATHS = NO;
				ARCHS = "$(ARCHS_STANDARD_32_BIT)";
				CLANG_ENABLE_OBJC_ARC = YES;
				"CODE_SIGN_IDENTITY[sdk=iphoneos*]" = "iPhone Developer";
				COPY_PHASE_STRIP = YES;
				GCC_C_LANGUAGE_STANDARD = gnu99;
				GCC_VERSION = com.apple.compilers.llvm.clang.1_0;
				GCC_WARN_ABOUT_RETURN_TYPE = YES;
				GCC_WARN_UNINITIALIZED_AUTOS = YES;
				GCC_WARN_UNUSED_VARIABLE = YES;
				IPHONEOS_DEPLOYMENT_TARGET = 5.1;
				OTHER_CFLAGS = "-DNS_BLOCK_ASSERTIONS=1";
				SDKROOT = iphoneos;
				VALIDATE_PRODUCT = YES;
			};
			name = Release;
		};
		0D92E1DB1666351700E63DDC /* Debug */ = {
			isa = XCBuildConfiguration;
			buildSettings = {
				GCC_PRECOMPILE_PREFIX_HEADER = YES;
				GCC_PREFIX_HEADER = "ContatosIP67/ContatosIP67-Prefix.pch";
				INFOPLIST_FILE = "ContatosIP67/ContatosIP67-Info.plist";
				PRODUCT_NAME = "$(TARGET_NAME)";
				WRAPPER_EXTENSION = app;
			};
			name = Debug;
		};
		0D92E1DC1666351700E63DDC /* Release */ = {
			isa = XCBuildConfiguration;
			buildSettings = {
				GCC_PRECOMPILE_PREFIX_HEADER = YES;
				GCC_PREFIX_HEADER = "ContatosIP67/ContatosIP67-Prefix.pch";
				INFOPLIST_FILE = "ContatosIP67/ContatosIP67-Info.plist";
				PRODUCT_NAME = "$(TARGET_NAME)";
				WRAPPER_EXTENSION = app;
			};
			name = Release;
		};
/* End XCBuildConfiguration section */

/* Begin XCConfigurationList section */
		0D92E1BC1666351600E63DDC /* Build configuration list for PBXProject "ContatosIP67" */ = {
			isa = XCConfigurationList;
			buildConfigurations = (
				0D92E1D81666351700E63DDC /* Debug */,
				0D92E1D91666351700E63DDC /* Release */,
			);
			defaultConfigurationIsVisible = 0;
			defaultConfigurationName = Release;
		};
		0D92E1DA1666351700E63DDC /* Build configuration list for PBXNativeTarget "ContatosIP67" */ = {
			isa = XCConfigurationList;
			buildConfigurations = (
				0D92E1DB1666351700E63DDC /* Debug */,
				0D92E1DC1666351700E63DDC /* Release */,
			);
			defaultConfigurationIsVisible = 0;
			defaultConfigurationName = Release;
		};
/* End XCConfigurationList section */

/* Begin XCVersionGroup section */
		0DC254641672251C0041E196 /* Modelo_Contatos.xcdatamodeld */ = {
			isa = XCVersionGroup;
			children = (
				0DC254651672251C0041E196 /* Modelo_Contatos.xcdatamodel */,
			);
			currentVersion = 0DC254651672251C0041E196 /* Modelo_Contatos.xcdatamodel */;
			path = Modelo_Contatos.xcdatamodeld;
			sourceTree = "<group>";
			versionGroupType = wrapper.xcdatamodel;
		};
/* End XCVersionGroup section */
	};
	rootObject = 0D92E1B91666351600E63DDC /* Project object */;
}
